
Microsoft Visual Studio Solution File, Format Version 12.00
# Visual Studio Version 17
VisualStudioVersion = 17.8.34205.153
MinimumVisualStudioVersion = 10.0.40219.1
Project("{FAE04EC0-301F-11D3-BF4B-00C04F79EFBC}") = "Dart_Game", "Dart_Game\Dart_Game.csproj", "{DCBCC817-134F-477C-9E16-B5E40D4854DC}"
EndProject
Global
	GlobalSection(SolutionConfigurationPlatforms) = preSolution
		Debug|Any CPU = Debug|Any CPU
		Release|Any CPU = Release|Any CPU
	EndGlobalSection
	GlobalSection(ProjectConfigurationPlatforms) = postSolution
		{DCBCC817-134F-477C-9E16-B5E40D4854DC}.Debug|Any CPU.ActiveCfg = Debug|Any CPU
		{DCBCC817-134F-477C-9E16-B5E40D4854DC}.Debug|Any CPU.Build.0 = Debug|Any CPU
		{DCBCC817-134F-477C-9E16-B5E40D4854DC}.Release|Any CPU.ActiveCfg = Release|Any CPU
		{DCBCC817-134F-477C-9E16-B5E40D4854DC}.Release|Any CPU.Build.0 = Release|Any CPU
	EndGlobalSection
	GlobalSection(SolutionProperties) = preSolution
		HideSolutionNode = FALSE
	EndGlobalSection
	GlobalSection(ExtensibilityGlobals) = postSolution
		SolutionGuid = {D6E63041-1880-499B-8E0F-39D13E073523}
	EndGlobalSection
EndGlobal
